// !$*UTF8*$!
{
	archiveVersion = 1;
	classes = {
	};
	objectVersion = 50;
	objects = {

/* Begin PBXBuildFile section */
		5952A13C248AFA72A278DA9B /* Pods_asthma_amigoTests.framework in Frameworks */ = {isa = PBXBuildFile; fileRef = 770360BB914C5F06B158E5A3 /* Pods_asthma_amigoTests.framework */; };
		5D0B4421227481C800A78857 /* DiaryViewController.swift in Sources */ = {isa = PBXBuildFile; fileRef = 5D0B4420227481C800A78857 /* DiaryViewController.swift */; };
		5D0B44232274829D00A78857 /* AddDiaryViewController.swift in Sources */ = {isa = PBXBuildFile; fileRef = 5D0B44222274829D00A78857 /* AddDiaryViewController.swift */; };
		5D1533872253AC0E00F44C28 /* AppDelegate.swift in Sources */ = {isa = PBXBuildFile; fileRef = 5D1533862253AC0E00F44C28 /* AppDelegate.swift */; };
		5D15338C2253AC0E00F44C28 /* Main.storyboard in Resources */ = {isa = PBXBuildFile; fileRef = 5D15338A2253AC0E00F44C28 /* Main.storyboard */; };
		5D15338F2253AC0E00F44C28 /* asthma_amigo.xcdatamodeld in Sources */ = {isa = PBXBuildFile; fileRef = 5D15338D2253AC0E00F44C28 /* asthma_amigo.xcdatamodeld */; };
		5D1533912253AC1000F44C28 /* Assets.xcassets in Resources */ = {isa = PBXBuildFile; fileRef = 5D1533902253AC1000F44C28 /* Assets.xcassets */; };
		5D1533942253AC1000F44C28 /* LaunchScreen.storyboard in Resources */ = {isa = PBXBuildFile; fileRef = 5D1533922253AC1000F44C28 /* LaunchScreen.storyboard */; };
		5D15339F2253AC1000F44C28 /* asthma_amigoTests.swift in Sources */ = {isa = PBXBuildFile; fileRef = 5D15339E2253AC1000F44C28 /* asthma_amigoTests.swift */; };
		5D1533AA2253AC1000F44C28 /* asthma_amigoUITests.swift in Sources */ = {isa = PBXBuildFile; fileRef = 5D1533A92253AC1000F44C28 /* asthma_amigoUITests.swift */; };
		5D1533BC2253ED5600F44C28 /* PListHelper.swift in Sources */ = {isa = PBXBuildFile; fileRef = 5D1533BB2253ED5600F44C28 /* PListHelper.swift */; };
		5D1533BE2253EDA600F44C28 /* contacts.plist in Resources */ = {isa = PBXBuildFile; fileRef = 5D1533BD2253EDA600F44C28 /* contacts.plist */; };
		5D1533C02254E25000F44C28 /* HomeViewController.swift in Sources */ = {isa = PBXBuildFile; fileRef = 5D1533BF2254E25000F44C28 /* HomeViewController.swift */; };
		5D1533C52254F0C400F44C28 /* ActionPlan+CoreDataClass.swift in Sources */ = {isa = PBXBuildFile; fileRef = 5D1533C12254F0C300F44C28 /* ActionPlan+CoreDataClass.swift */; };
		5D1533C62254F0C400F44C28 /* ActionPlan+CoreDataProperties.swift in Sources */ = {isa = PBXBuildFile; fileRef = 5D1533C22254F0C300F44C28 /* ActionPlan+CoreDataProperties.swift */; };
		5D1533CA2254FDD800F44C28 /* MedicineViewController.swift in Sources */ = {isa = PBXBuildFile; fileRef = 5D1533C92254FDD800F44C28 /* MedicineViewController.swift */; };
		5D1533CC225516FE00F44C28 /* MedicineTableViewController.swift in Sources */ = {isa = PBXBuildFile; fileRef = 5D1533CB225516FE00F44C28 /* MedicineTableViewController.swift */; };
		5D1533CE2255171E00F44C28 /* MedicineCell.swift in Sources */ = {isa = PBXBuildFile; fileRef = 5D1533CD2255171E00F44C28 /* MedicineCell.swift */; };
		5D1533D022553EB500F44C28 /* AddMedicineViewController.swift in Sources */ = {isa = PBXBuildFile; fileRef = 5D1533CF22553EB500F44C28 /* AddMedicineViewController.swift */; };
		5D1533D22257632F00F44C28 /* LaunchPageViewController.swift in Sources */ = {isa = PBXBuildFile; fileRef = 5D1533D12257632F00F44C28 /* LaunchPageViewController.swift */; };
		5D153411225835A300F44C28 /* MyDetailViewController.swift in Sources */ = {isa = PBXBuildFile; fileRef = 5D153410225835A300F44C28 /* MyDetailViewController.swift */; };
		5D153413225836DE00F44C28 /* DocDetailViewController.swift in Sources */ = {isa = PBXBuildFile; fileRef = 5D153412225836DE00F44C28 /* DocDetailViewController.swift */; };
		5D153415225837D500F44C28 /* ChildDetailViewController.swift in Sources */ = {isa = PBXBuildFile; fileRef = 5D153414225837D500F44C28 /* ChildDetailViewController.swift */; };
		5D15341722586B2000F44C28 /* ActionPlanViewController.swift in Sources */ = {isa = PBXBuildFile; fileRef = 5D15341622586B2000F44C28 /* ActionPlanViewController.swift */; };
		5D1534192258C6AA00F44C28 /* AddRelieverViewController.swift in Sources */ = {isa = PBXBuildFile; fileRef = 5D1534182258C6AA00F44C28 /* AddRelieverViewController.swift */; };
		5D15341B2258D8A300F44C28 /* AddInfoViewController.swift in Sources */ = {isa = PBXBuildFile; fileRef = 5D15341A2258D8A300F44C28 /* AddInfoViewController.swift */; };
		5D15341D2259190500F44C28 /* MedStockTableViewController.swift in Sources */ = {isa = PBXBuildFile; fileRef = 5D15341C2259190500F44C28 /* MedStockTableViewController.swift */; };
		5D15341F225946AB00F44C28 /* MainTabBarController.swift in Sources */ = {isa = PBXBuildFile; fileRef = 5D15341E225946AB00F44C28 /* MainTabBarController.swift */; };
		5D15342122595EA200F44C28 /* EmergencyViewController.swift in Sources */ = {isa = PBXBuildFile; fileRef = 5D15342022595EA200F44C28 /* EmergencyViewController.swift */; };
		5D352D2B2290E54800277E13 /* Diary+CoreDataClass.swift in Sources */ = {isa = PBXBuildFile; fileRef = 5D352D272290E54700277E13 /* Diary+CoreDataClass.swift */; };
		5D352D2C2290E54800277E13 /* Diary+CoreDataProperties.swift in Sources */ = {isa = PBXBuildFile; fileRef = 5D352D282290E54700277E13 /* Diary+CoreDataProperties.swift */; };
		5D352D2D2290E54800277E13 /* WeatherAlert+CoreDataClass.swift in Sources */ = {isa = PBXBuildFile; fileRef = 5D352D292290E54800277E13 /* WeatherAlert+CoreDataClass.swift */; };
		5D352D2E2290E54800277E13 /* WeatherAlert+CoreDataProperties.swift in Sources */ = {isa = PBXBuildFile; fileRef = 5D352D2A2290E54800277E13 /* WeatherAlert+CoreDataProperties.swift */; };
		5D59135B2274938A00960431 /* Location.swift in Sources */ = {isa = PBXBuildFile; fileRef = 5D59135A2274938A00960431 /* Location.swift */; };
		5D59135D2274950900960431 /* Extras.swift in Sources */ = {isa = PBXBuildFile; fileRef = 5D59135C2274950900960431 /* Extras.swift */; };
		5D59135F2274953500960431 /* CurrentWeather.swift in Sources */ = {isa = PBXBuildFile; fileRef = 5D59135E2274953500960431 /* CurrentWeather.swift */; };
		5D5913612274969100960431 /* Extensions.swift in Sources */ = {isa = PBXBuildFile; fileRef = 5D5913602274969100960431 /* Extensions.swift */; };
		5D77A3A2226DA52400757361 /* RemindersViewController.swift in Sources */ = {isa = PBXBuildFile; fileRef = 5D77A3A1226DA52400757361 /* RemindersViewController.swift */; };
		5D77A3AF226FAAF900757361 /* MedReminder+CoreDataClass.swift in Sources */ = {isa = PBXBuildFile; fileRef = 5D77A3AB226FAAF900757361 /* MedReminder+CoreDataClass.swift */; };
		5D77A3B0226FAAF900757361 /* MedReminder+CoreDataProperties.swift in Sources */ = {isa = PBXBuildFile; fileRef = 5D77A3AC226FAAF900757361 /* MedReminder+CoreDataProperties.swift */; };
		5D77A3B1226FAAF900757361 /* Medicine+CoreDataClass.swift in Sources */ = {isa = PBXBuildFile; fileRef = 5D77A3AD226FAAF900757361 /* Medicine+CoreDataClass.swift */; };
		5D77A3B2226FAAF900757361 /* Medicine+CoreDataProperties.swift in Sources */ = {isa = PBXBuildFile; fileRef = 5D77A3AE226FAAF900757361 /* Medicine+CoreDataProperties.swift */; };
		5D77A3B4226FAD8F00757361 /* RemindersTableViewController.swift in Sources */ = {isa = PBXBuildFile; fileRef = 5D77A3B3226FAD8F00757361 /* RemindersTableViewController.swift */; };
		5D77A3B6226FBC0300757361 /* SetReminderViewController.swift in Sources */ = {isa = PBXBuildFile; fileRef = 5D77A3B5226FBC0300757361 /* SetReminderViewController.swift */; };
		5DB17E02225EA1F200BF8D19 /* MyEditViewController.swift in Sources */ = {isa = PBXBuildFile; fileRef = 5DB17E01225EA1F200BF8D19 /* MyEditViewController.swift */; };
		5DB17E04225EA27A00BF8D19 /* DocEditViewController.swift in Sources */ = {isa = PBXBuildFile; fileRef = 5DB17E03225EA27A00BF8D19 /* DocEditViewController.swift */; };
		5DB17E06225EA2DB00BF8D19 /* ChildEditViewController.swift in Sources */ = {isa = PBXBuildFile; fileRef = 5DB17E05225EA2DB00BF8D19 /* ChildEditViewController.swift */; };
		5DB17E08225EA4FF00BF8D19 /* EditProfileViewController.swift in Sources */ = {isa = PBXBuildFile; fileRef = 5DB17E07225EA4FF00BF8D19 /* EditProfileViewController.swift */; };
		5DD85AFD2267C45900F42029 /* DashBoardViewController.swift in Sources */ = {isa = PBXBuildFile; fileRef = 5DD85AFC2267C45900F42029 /* DashBoardViewController.swift */; };
		5DE4D05C2275F66A005260C2 /* DiaryTableViewController.swift in Sources */ = {isa = PBXBuildFile; fileRef = 5DE4D05B2275F66A005260C2 /* DiaryTableViewController.swift */; };
		5DE4D05E2275F697005260C2 /* DiaryTableViewCell.swift in Sources */ = {isa = PBXBuildFile; fileRef = 5DE4D05D2275F697005260C2 /* DiaryTableViewCell.swift */; };
		5DE4D0642276546F005260C2 /* DiaryPageViewController.swift in Sources */ = {isa = PBXBuildFile; fileRef = 5DE4D0632276546F005260C2 /* DiaryPageViewController.swift */; };
		5DE4D06A227A5599005260C2 /* OnBoardOneViewController.swift in Sources */ = {isa = PBXBuildFile; fileRef = 5DE4D069227A5599005260C2 /* OnBoardOneViewController.swift */; };
		5DE4D06C227CB6FE005260C2 /* LocationSettingsViewController.swift in Sources */ = {isa = PBXBuildFile; fileRef = 5DE4D06B227CB6FE005260C2 /* LocationSettingsViewController.swift */; };
		5DE4D06E2281FDA3005260C2 /* Prediction.swift in Sources */ = {isa = PBXBuildFile; fileRef = 5DE4D06D2281FDA3005260C2 /* Prediction.swift */; };
		5DE4D07222820149005260C2 /* AlertTableViewCell.swift in Sources */ = {isa = PBXBuildFile; fileRef = 5DE4D07122820149005260C2 /* AlertTableViewCell.swift */; };
		5DE4D0782283A9EB005260C2 /* WeatherWarningTableViewController.swift in Sources */ = {isa = PBXBuildFile; fileRef = 5DE4D0772283A9EB005260C2 /* WeatherWarningTableViewController.swift */; };
		5DE4D07A228649A7005260C2 /* NotificationSettingsViewController.swift in Sources */ = {isa = PBXBuildFile; fileRef = 5DE4D079228649A7005260C2 /* NotificationSettingsViewController.swift */; };
		5DE4D09022878F53005260C2 /* AlertDetailsViewController.swift in Sources */ = {isa = PBXBuildFile; fileRef = 5DE4D08F22878F53005260C2 /* AlertDetailsViewController.swift */; };
		5DE4D0922287C359005260C2 /* AlertDiaryViewController.swift in Sources */ = {isa = PBXBuildFile; fileRef = 5DE4D0912287C359005260C2 /* AlertDiaryViewController.swift */; };
		5DE4D0942287E5A5005260C2 /* TutorialViewController.swift in Sources */ = {isa = PBXBuildFile; fileRef = 5DE4D0932287E5A5005260C2 /* TutorialViewController.swift */; };
		5DE4D09622880700005260C2 /* actViewController.swift in Sources */ = {isa = PBXBuildFile; fileRef = 5DE4D095228806FF005260C2 /* actViewController.swift */; };
		5DE4D098228808E7005260C2 /* aboutViewController.swift in Sources */ = {isa = PBXBuildFile; fileRef = 5DE4D097228808E7005260C2 /* aboutViewController.swift */; };
		B9ED672754881212D3BCAC2C /* Pods_asthma_amigo.framework in Frameworks */ = {isa = PBXBuildFile; fileRef = 525362DF89292E92D8DA21CC /* Pods_asthma_amigo.framework */; };
		F41DDC2ACEF02F717B63AB1F /* Pods_asthma_amigoUITests.framework in Frameworks */ = {isa = PBXBuildFile; fileRef = 84346983AA2F2DB6697D8459 /* Pods_asthma_amigoUITests.framework */; };
/* End PBXBuildFile section */

/* Begin PBXContainerItemProxy section */
		5D15339B2253AC1000F44C28 /* PBXContainerItemProxy */ = {
			isa = PBXContainerItemProxy;
			containerPortal = 5D15337B2253AC0E00F44C28 /* Project object */;
			proxyType = 1;
			remoteGlobalIDString = 5D1533822253AC0E00F44C28;
			remoteInfo = asthma_amigo;
		};
		5D1533A62253AC1000F44C28 /* PBXContainerItemProxy */ = {
			isa = PBXContainerItemProxy;
			containerPortal = 5D15337B2253AC0E00F44C28 /* Project object */;
			proxyType = 1;
			remoteGlobalIDString = 5D1533822253AC0E00F44C28;
			remoteInfo = asthma_amigo;
		};
/* End PBXContainerItemProxy section */

/* Begin PBXFileReference section */
		4EA68F2AE029414368BD8BD4 /* Pods-asthma_amigo.release.xcconfig */ = {isa = PBXFileReference; includeInIndex = 1; lastKnownFileType = text.xcconfig; name = "Pods-asthma_amigo.release.xcconfig"; path = "Pods/Target Support Files/Pods-asthma_amigo/Pods-asthma_amigo.release.xcconfig"; sourceTree = "<group>"; };
		525362DF89292E92D8DA21CC /* Pods_asthma_amigo.framework */ = {isa = PBXFileReference; explicitFileType = wrapper.framework; includeInIndex = 0; path = Pods_asthma_amigo.framework; sourceTree = BUILT_PRODUCTS_DIR; };
		5D0B4420227481C800A78857 /* DiaryViewController.swift */ = {isa = PBXFileReference; lastKnownFileType = sourcecode.swift; path = DiaryViewController.swift; sourceTree = "<group>"; };
		5D0B44222274829D00A78857 /* AddDiaryViewController.swift */ = {isa = PBXFileReference; lastKnownFileType = sourcecode.swift; path = AddDiaryViewController.swift; sourceTree = "<group>"; };
		5D1533832253AC0E00F44C28 /* asthma_amigo.app */ = {isa = PBXFileReference; explicitFileType = wrapper.application; includeInIndex = 0; path = asthma_amigo.app; sourceTree = BUILT_PRODUCTS_DIR; };
		5D1533862253AC0E00F44C28 /* AppDelegate.swift */ = {isa = PBXFileReference; lastKnownFileType = sourcecode.swift; path = AppDelegate.swift; sourceTree = "<group>"; };
		5D15338B2253AC0E00F44C28 /* Base */ = {isa = PBXFileReference; lastKnownFileType = file.storyboard; name = Base; path = Base.lproj/Main.storyboard; sourceTree = "<group>"; };
		5D15338E2253AC0E00F44C28 /* asthma_amigo.xcdatamodel */ = {isa = PBXFileReference; lastKnownFileType = wrapper.xcdatamodel; path = asthma_amigo.xcdatamodel; sourceTree = "<group>"; };
		5D1533902253AC1000F44C28 /* Assets.xcassets */ = {isa = PBXFileReference; lastKnownFileType = folder.assetcatalog; path = Assets.xcassets; sourceTree = "<group>"; };
		5D1533932253AC1000F44C28 /* Base */ = {isa = PBXFileReference; lastKnownFileType = file.storyboard; name = Base; path = Base.lproj/LaunchScreen.storyboard; sourceTree = "<group>"; };
		5D1533952253AC1000F44C28 /* Info.plist */ = {isa = PBXFileReference; lastKnownFileType = text.plist.xml; path = Info.plist; sourceTree = "<group>"; };
		5D15339A2253AC1000F44C28 /* asthma_amigoTests.xctest */ = {isa = PBXFileReference; explicitFileType = wrapper.cfbundle; includeInIndex = 0; path = asthma_amigoTests.xctest; sourceTree = BUILT_PRODUCTS_DIR; };
		5D15339E2253AC1000F44C28 /* asthma_amigoTests.swift */ = {isa = PBXFileReference; lastKnownFileType = sourcecode.swift; path = asthma_amigoTests.swift; sourceTree = "<group>"; };
		5D1533A02253AC1000F44C28 /* Info.plist */ = {isa = PBXFileReference; lastKnownFileType = text.plist.xml; path = Info.plist; sourceTree = "<group>"; };
		5D1533A52253AC1000F44C28 /* asthma_amigoUITests.xctest */ = {isa = PBXFileReference; explicitFileType = wrapper.cfbundle; includeInIndex = 0; path = asthma_amigoUITests.xctest; sourceTree = BUILT_PRODUCTS_DIR; };
		5D1533A92253AC1000F44C28 /* asthma_amigoUITests.swift */ = {isa = PBXFileReference; lastKnownFileType = sourcecode.swift; path = asthma_amigoUITests.swift; sourceTree = "<group>"; };
		5D1533AB2253AC1000F44C28 /* Info.plist */ = {isa = PBXFileReference; lastKnownFileType = text.plist.xml; path = Info.plist; sourceTree = "<group>"; };
		5D1533BB2253ED5600F44C28 /* PListHelper.swift */ = {isa = PBXFileReference; lastKnownFileType = sourcecode.swift; path = PListHelper.swift; sourceTree = "<group>"; };
		5D1533BD2253EDA600F44C28 /* contacts.plist */ = {isa = PBXFileReference; lastKnownFileType = text.plist.xml; path = contacts.plist; sourceTree = "<group>"; };
		5D1533BF2254E25000F44C28 /* HomeViewController.swift */ = {isa = PBXFileReference; lastKnownFileType = sourcecode.swift; path = HomeViewController.swift; sourceTree = "<group>"; };
		5D1533C12254F0C300F44C28 /* ActionPlan+CoreDataClass.swift */ = {isa = PBXFileReference; lastKnownFileType = sourcecode.swift; path = "ActionPlan+CoreDataClass.swift"; sourceTree = "<group>"; };
		5D1533C22254F0C300F44C28 /* ActionPlan+CoreDataProperties.swift */ = {isa = PBXFileReference; lastKnownFileType = sourcecode.swift; path = "ActionPlan+CoreDataProperties.swift"; sourceTree = "<group>"; };
		5D1533C92254FDD800F44C28 /* MedicineViewController.swift */ = {isa = PBXFileReference; lastKnownFileType = sourcecode.swift; path = MedicineViewController.swift; sourceTree = "<group>"; };
		5D1533CB225516FE00F44C28 /* MedicineTableViewController.swift */ = {isa = PBXFileReference; lastKnownFileType = sourcecode.swift; path = MedicineTableViewController.swift; sourceTree = "<group>"; };
		5D1533CD2255171E00F44C28 /* MedicineCell.swift */ = {isa = PBXFileReference; lastKnownFileType = sourcecode.swift; path = MedicineCell.swift; sourceTree = "<group>"; };
		5D1533CF22553EB500F44C28 /* AddMedicineViewController.swift */ = {isa = PBXFileReference; lastKnownFileType = sourcecode.swift; path = AddMedicineViewController.swift; sourceTree = "<group>"; };
		5D1533D12257632F00F44C28 /* LaunchPageViewController.swift */ = {isa = PBXFileReference; lastKnownFileType = sourcecode.swift; path = LaunchPageViewController.swift; sourceTree = "<group>"; };
		5D153410225835A300F44C28 /* MyDetailViewController.swift */ = {isa = PBXFileReference; lastKnownFileType = sourcecode.swift; path = MyDetailViewController.swift; sourceTree = "<group>"; };
		5D153412225836DE00F44C28 /* DocDetailViewController.swift */ = {isa = PBXFileReference; lastKnownFileType = sourcecode.swift; path = DocDetailViewController.swift; sourceTree = "<group>"; };
		5D153414225837D500F44C28 /* ChildDetailViewController.swift */ = {isa = PBXFileReference; lastKnownFileType = sourcecode.swift; path = ChildDetailViewController.swift; sourceTree = "<group>"; };
		5D15341622586B2000F44C28 /* ActionPlanViewController.swift */ = {isa = PBXFileReference; lastKnownFileType = sourcecode.swift; path = ActionPlanViewController.swift; sourceTree = "<group>"; };
		5D1534182258C6AA00F44C28 /* AddRelieverViewController.swift */ = {isa = PBXFileReference; lastKnownFileType = sourcecode.swift; path = AddRelieverViewController.swift; sourceTree = "<group>"; };
		5D15341A2258D8A300F44C28 /* AddInfoViewController.swift */ = {isa = PBXFileReference; lastKnownFileType = sourcecode.swift; path = AddInfoViewController.swift; sourceTree = "<group>"; };
		5D15341C2259190500F44C28 /* MedStockTableViewController.swift */ = {isa = PBXFileReference; lastKnownFileType = sourcecode.swift; path = MedStockTableViewController.swift; sourceTree = "<group>"; };
		5D15341E225946AB00F44C28 /* MainTabBarController.swift */ = {isa = PBXFileReference; lastKnownFileType = sourcecode.swift; path = MainTabBarController.swift; sourceTree = "<group>"; };
		5D15342022595EA200F44C28 /* EmergencyViewController.swift */ = {isa = PBXFileReference; lastKnownFileType = sourcecode.swift; path = EmergencyViewController.swift; sourceTree = "<group>"; };
		5D352D272290E54700277E13 /* Diary+CoreDataClass.swift */ = {isa = PBXFileReference; lastKnownFileType = sourcecode.swift; name = "Diary+CoreDataClass.swift"; path = "../Diary+CoreDataClass.swift"; sourceTree = "<group>"; };
		5D352D282290E54700277E13 /* Diary+CoreDataProperties.swift */ = {isa = PBXFileReference; lastKnownFileType = sourcecode.swift; name = "Diary+CoreDataProperties.swift"; path = "../Diary+CoreDataProperties.swift"; sourceTree = "<group>"; };
		5D352D292290E54800277E13 /* WeatherAlert+CoreDataClass.swift */ = {isa = PBXFileReference; lastKnownFileType = sourcecode.swift; name = "WeatherAlert+CoreDataClass.swift"; path = "../WeatherAlert+CoreDataClass.swift"; sourceTree = "<group>"; };
		5D352D2A2290E54800277E13 /* WeatherAlert+CoreDataProperties.swift */ = {isa = PBXFileReference; lastKnownFileType = sourcecode.swift; name = "WeatherAlert+CoreDataProperties.swift"; path = "../WeatherAlert+CoreDataProperties.swift"; sourceTree = "<group>"; };
		5D59135A2274938A00960431 /* Location.swift */ = {isa = PBXFileReference; lastKnownFileType = sourcecode.swift; path = Location.swift; sourceTree = "<group>"; };
		5D59135C2274950900960431 /* Extras.swift */ = {isa = PBXFileReference; lastKnownFileType = sourcecode.swift; path = Extras.swift; sourceTree = "<group>"; };
		5D59135E2274953500960431 /* CurrentWeather.swift */ = {isa = PBXFileReference; lastKnownFileType = sourcecode.swift; path = CurrentWeather.swift; sourceTree = "<group>"; };
		5D5913602274969100960431 /* Extensions.swift */ = {isa = PBXFileReference; lastKnownFileType = sourcecode.swift; path = Extensions.swift; sourceTree = "<group>"; };
		5D77A3A1226DA52400757361 /* RemindersViewController.swift */ = {isa = PBXFileReference; lastKnownFileType = sourcecode.swift; path = RemindersViewController.swift; sourceTree = "<group>"; };
		5D77A3AB226FAAF900757361 /* MedReminder+CoreDataClass.swift */ = {isa = PBXFileReference; lastKnownFileType = sourcecode.swift; path = "MedReminder+CoreDataClass.swift"; sourceTree = "<group>"; };
		5D77A3AC226FAAF900757361 /* MedReminder+CoreDataProperties.swift */ = {isa = PBXFileReference; lastKnownFileType = sourcecode.swift; path = "MedReminder+CoreDataProperties.swift"; sourceTree = "<group>"; };
		5D77A3AD226FAAF900757361 /* Medicine+CoreDataClass.swift */ = {isa = PBXFileReference; lastKnownFileType = sourcecode.swift; path = "Medicine+CoreDataClass.swift"; sourceTree = "<group>"; };
		5D77A3AE226FAAF900757361 /* Medicine+CoreDataProperties.swift */ = {isa = PBXFileReference; lastKnownFileType = sourcecode.swift; path = "Medicine+CoreDataProperties.swift"; sourceTree = "<group>"; };
		5D77A3B3226FAD8F00757361 /* RemindersTableViewController.swift */ = {isa = PBXFileReference; lastKnownFileType = sourcecode.swift; path = RemindersTableViewController.swift; sourceTree = "<group>"; };
		5D77A3B5226FBC0300757361 /* SetReminderViewController.swift */ = {isa = PBXFileReference; lastKnownFileType = sourcecode.swift; path = SetReminderViewController.swift; sourceTree = "<group>"; };
		5DB17E01225EA1F200BF8D19 /* MyEditViewController.swift */ = {isa = PBXFileReference; lastKnownFileType = sourcecode.swift; path = MyEditViewController.swift; sourceTree = "<group>"; };
		5DB17E03225EA27A00BF8D19 /* DocEditViewController.swift */ = {isa = PBXFileReference; lastKnownFileType = sourcecode.swift; path = DocEditViewController.swift; sourceTree = "<group>"; };
		5DB17E05225EA2DB00BF8D19 /* ChildEditViewController.swift */ = {isa = PBXFileReference; lastKnownFileType = sourcecode.swift; path = ChildEditViewController.swift; sourceTree = "<group>"; };
		5DB17E07225EA4FF00BF8D19 /* EditProfileViewController.swift */ = {isa = PBXFileReference; lastKnownFileType = sourcecode.swift; path = EditProfileViewController.swift; sourceTree = "<group>"; };
		5DD85AFC2267C45900F42029 /* DashBoardViewController.swift */ = {isa = PBXFileReference; lastKnownFileType = sourcecode.swift; path = DashBoardViewController.swift; sourceTree = "<group>"; };
		5DE4D05B2275F66A005260C2 /* DiaryTableViewController.swift */ = {isa = PBXFileReference; lastKnownFileType = sourcecode.swift; path = DiaryTableViewController.swift; sourceTree = "<group>"; };
		5DE4D05D2275F697005260C2 /* DiaryTableViewCell.swift */ = {isa = PBXFileReference; lastKnownFileType = sourcecode.swift; path = DiaryTableViewCell.swift; sourceTree = "<group>"; };
		5DE4D0632276546F005260C2 /* DiaryPageViewController.swift */ = {isa = PBXFileReference; lastKnownFileType = sourcecode.swift; path = DiaryPageViewController.swift; sourceTree = "<group>"; };
		5DE4D069227A5599005260C2 /* OnBoardOneViewController.swift */ = {isa = PBXFileReference; lastKnownFileType = sourcecode.swift; path = OnBoardOneViewController.swift; sourceTree = "<group>"; };
		5DE4D06B227CB6FE005260C2 /* LocationSettingsViewController.swift */ = {isa = PBXFileReference; lastKnownFileType = sourcecode.swift; path = LocationSettingsViewController.swift; sourceTree = "<group>"; };
		5DE4D06D2281FDA3005260C2 /* Prediction.swift */ = {isa = PBXFileReference; lastKnownFileType = sourcecode.swift; path = Prediction.swift; sourceTree = "<group>"; };
		5DE4D07122820149005260C2 /* AlertTableViewCell.swift */ = {isa = PBXFileReference; lastKnownFileType = sourcecode.swift; path = AlertTableViewCell.swift; sourceTree = "<group>"; };
		5DE4D0772283A9EB005260C2 /* WeatherWarningTableViewController.swift */ = {isa = PBXFileReference; lastKnownFileType = sourcecode.swift; path = WeatherWarningTableViewController.swift; sourceTree = "<group>"; };
		5DE4D079228649A7005260C2 /* NotificationSettingsViewController.swift */ = {isa = PBXFileReference; lastKnownFileType = sourcecode.swift; path = NotificationSettingsViewController.swift; sourceTree = "<group>"; };
		5DE4D08F22878F53005260C2 /* AlertDetailsViewController.swift */ = {isa = PBXFileReference; lastKnownFileType = sourcecode.swift; path = AlertDetailsViewController.swift; sourceTree = "<group>"; };
		5DE4D0912287C359005260C2 /* AlertDiaryViewController.swift */ = {isa = PBXFileReference; lastKnownFileType = sourcecode.swift; path = AlertDiaryViewController.swift; sourceTree = "<group>"; };
		5DE4D0932287E5A5005260C2 /* TutorialViewController.swift */ = {isa = PBXFileReference; lastKnownFileType = sourcecode.swift; path = TutorialViewController.swift; sourceTree = "<group>"; };
		5DE4D095228806FF005260C2 /* actViewController.swift */ = {isa = PBXFileReference; lastKnownFileType = sourcecode.swift; path = actViewController.swift; sourceTree = "<group>"; };
		5DE4D097228808E7005260C2 /* aboutViewController.swift */ = {isa = PBXFileReference; lastKnownFileType = sourcecode.swift; path = aboutViewController.swift; sourceTree = "<group>"; };
		770360BB914C5F06B158E5A3 /* Pods_asthma_amigoTests.framework */ = {isa = PBXFileReference; explicitFileType = wrapper.framework; includeInIndex = 0; path = Pods_asthma_amigoTests.framework; sourceTree = BUILT_PRODUCTS_DIR; };
		7F4E0A80DE3E2242C68BB52A /* Pods-asthma_amigoUITests.debug.xcconfig */ = {isa = PBXFileReference; includeInIndex = 1; lastKnownFileType = text.xcconfig; name = "Pods-asthma_amigoUITests.debug.xcconfig"; path = "Pods/Target Support Files/Pods-asthma_amigoUITests/Pods-asthma_amigoUITests.debug.xcconfig"; sourceTree = "<group>"; };
		811C637A51BEEC8F0673217B /* Pods-asthma_amigoTests.debug.xcconfig */ = {isa = PBXFileReference; includeInIndex = 1; lastKnownFileType = text.xcconfig; name = "Pods-asthma_amigoTests.debug.xcconfig"; path = "Pods/Target Support Files/Pods-asthma_amigoTests/Pods-asthma_amigoTests.debug.xcconfig"; sourceTree = "<group>"; };
		84346983AA2F2DB6697D8459 /* Pods_asthma_amigoUITests.framework */ = {isa = PBXFileReference; explicitFileType = wrapper.framework; includeInIndex = 0; path = Pods_asthma_amigoUITests.framework; sourceTree = BUILT_PRODUCTS_DIR; };
		873475764F6F946FE77C6CCE /* Pods-asthma_amigoTests.release.xcconfig */ = {isa = PBXFileReference; includeInIndex = 1; lastKnownFileType = text.xcconfig; name = "Pods-asthma_amigoTests.release.xcconfig"; path = "Pods/Target Support Files/Pods-asthma_amigoTests/Pods-asthma_amigoTests.release.xcconfig"; sourceTree = "<group>"; };
		8C2DBB4A7B0A50A516FF17C2 /* Pods-asthma_amigo.debug.xcconfig */ = {isa = PBXFileReference; includeInIndex = 1; lastKnownFileType = text.xcconfig; name = "Pods-asthma_amigo.debug.xcconfig"; path = "Pods/Target Support Files/Pods-asthma_amigo/Pods-asthma_amigo.debug.xcconfig"; sourceTree = "<group>"; };
		CAE50091C0855CB207C4EB06 /* Pods-asthma_amigoUITests.release.xcconfig */ = {isa = PBXFileReference; includeInIndex = 1; lastKnownFileType = text.xcconfig; name = "Pods-asthma_amigoUITests.release.xcconfig"; path = "Pods/Target Support Files/Pods-asthma_amigoUITests/Pods-asthma_amigoUITests.release.xcconfig"; sourceTree = "<group>"; };
/* End PBXFileReference section */

/* Begin PBXFrameworksBuildPhase section */
		5D1533802253AC0E00F44C28 /* Frameworks */ = {
			isa = PBXFrameworksBuildPhase;
			buildActionMask = 2147483647;
			files = (
				B9ED672754881212D3BCAC2C /* Pods_asthma_amigo.framework in Frameworks */,
			);
			runOnlyForDeploymentPostprocessing = 0;
		};
		5D1533972253AC1000F44C28 /* Frameworks */ = {
			isa = PBXFrameworksBuildPhase;
			buildActionMask = 2147483647;
			files = (
				5952A13C248AFA72A278DA9B /* Pods_asthma_amigoTests.framework in Frameworks */,
			);
			runOnlyForDeploymentPostprocessing = 0;
		};
		5D1533A22253AC1000F44C28 /* Frameworks */ = {
			isa = PBXFrameworksBuildPhase;
			buildActionMask = 2147483647;
			files = (
				F41DDC2ACEF02F717B63AB1F /* Pods_asthma_amigoUITests.framework in Frameworks */,
			);
			runOnlyForDeploymentPostprocessing = 0;
		};
/* End PBXFrameworksBuildPhase section */

/* Begin PBXGroup section */
		5D15337A2253AC0E00F44C28 = {
			isa = PBXGroup;
			children = (
				5D1533852253AC0E00F44C28 /* asthma_amigo */,
				5D15339D2253AC1000F44C28 /* asthma_amigoTests */,
				5D1533A82253AC1000F44C28 /* asthma_amigoUITests */,
				5D1533842253AC0E00F44C28 /* Products */,
				9064B3C764F8F6F3731D02F8 /* Pods */,
				DB1CA10A2545D879A78F230C /* Frameworks */,
			);
			sourceTree = "<group>";
		};
		5D1533842253AC0E00F44C28 /* Products */ = {
			isa = PBXGroup;
			children = (
				5D1533832253AC0E00F44C28 /* asthma_amigo.app */,
				5D15339A2253AC1000F44C28 /* asthma_amigoTests.xctest */,
				5D1533A52253AC1000F44C28 /* asthma_amigoUITests.xctest */,
			);
			name = Products;
			sourceTree = "<group>";
		};
		5D1533852253AC0E00F44C28 /* asthma_amigo */ = {
			isa = PBXGroup;
			children = (
				5D1533862253AC0E00F44C28 /* AppDelegate.swift */,
				5D15338A2253AC0E00F44C28 /* Main.storyboard */,
				5D77A3B5226FBC0300757361 /* SetReminderViewController.swift */,
				5D1533C12254F0C300F44C28 /* ActionPlan+CoreDataClass.swift */,
				5D1533C22254F0C300F44C28 /* ActionPlan+CoreDataProperties.swift */,
				5D77A3AB226FAAF900757361 /* MedReminder+CoreDataClass.swift */,
				5D77A3AC226FAAF900757361 /* MedReminder+CoreDataProperties.swift */,
				5D77A3AD226FAAF900757361 /* Medicine+CoreDataClass.swift */,
				5D77A3AE226FAAF900757361 /* Medicine+CoreDataProperties.swift */,
				5D352D272290E54700277E13 /* Diary+CoreDataClass.swift */,
				5D352D282290E54700277E13 /* Diary+CoreDataProperties.swift */,
				5D352D292290E54800277E13 /* WeatherAlert+CoreDataClass.swift */,
				5D352D2A2290E54800277E13 /* WeatherAlert+CoreDataProperties.swift */,
				5D1533902253AC1000F44C28 /* Assets.xcassets */,
				5D1533922253AC1000F44C28 /* LaunchScreen.storyboard */,
				5D1533952253AC1000F44C28 /* Info.plist */,
				5D15338D2253AC0E00F44C28 /* asthma_amigo.xcdatamodeld */,
				5D1533BB2253ED5600F44C28 /* PListHelper.swift */,
				5D1533BD2253EDA600F44C28 /* contacts.plist */,
				5D1533BF2254E25000F44C28 /* HomeViewController.swift */,
				5D1533C92254FDD800F44C28 /* MedicineViewController.swift */,
				5D1533CB225516FE00F44C28 /* MedicineTableViewController.swift */,
				5D1533CD2255171E00F44C28 /* MedicineCell.swift */,
				5D1533CF22553EB500F44C28 /* AddMedicineViewController.swift */,
				5D1533D12257632F00F44C28 /* LaunchPageViewController.swift */,
				5D153410225835A300F44C28 /* MyDetailViewController.swift */,
				5D153412225836DE00F44C28 /* DocDetailViewController.swift */,
				5D153414225837D500F44C28 /* ChildDetailViewController.swift */,
				5D15341622586B2000F44C28 /* ActionPlanViewController.swift */,
				5D1534182258C6AA00F44C28 /* AddRelieverViewController.swift */,
				5D15341A2258D8A300F44C28 /* AddInfoViewController.swift */,
				5D15341C2259190500F44C28 /* MedStockTableViewController.swift */,
				5D15341E225946AB00F44C28 /* MainTabBarController.swift */,
				5D15342022595EA200F44C28 /* EmergencyViewController.swift */,
				5DB17E01225EA1F200BF8D19 /* MyEditViewController.swift */,
				5DB17E03225EA27A00BF8D19 /* DocEditViewController.swift */,
				5DB17E05225EA2DB00BF8D19 /* ChildEditViewController.swift */,
				5DB17E07225EA4FF00BF8D19 /* EditProfileViewController.swift */,
				5DD85AFC2267C45900F42029 /* DashBoardViewController.swift */,
				5D77A3A1226DA52400757361 /* RemindersViewController.swift */,
				5D77A3B3226FAD8F00757361 /* RemindersTableViewController.swift */,
				5D0B4420227481C800A78857 /* DiaryViewController.swift */,
				5D0B44222274829D00A78857 /* AddDiaryViewController.swift */,
				5D59135A2274938A00960431 /* Location.swift */,
				5D59135C2274950900960431 /* Extras.swift */,
				5D59135E2274953500960431 /* CurrentWeather.swift */,
				5D5913602274969100960431 /* Extensions.swift */,
				5DE4D05B2275F66A005260C2 /* DiaryTableViewController.swift */,
				5DE4D05D2275F697005260C2 /* DiaryTableViewCell.swift */,
				5DE4D0632276546F005260C2 /* DiaryPageViewController.swift */,
				5DE4D069227A5599005260C2 /* OnBoardOneViewController.swift */,
				5DE4D06B227CB6FE005260C2 /* LocationSettingsViewController.swift */,
				5DE4D06D2281FDA3005260C2 /* Prediction.swift */,
				5DE4D07122820149005260C2 /* AlertTableViewCell.swift */,
				5DE4D0772283A9EB005260C2 /* WeatherWarningTableViewController.swift */,
				5DE4D079228649A7005260C2 /* NotificationSettingsViewController.swift */,
				5DE4D08F22878F53005260C2 /* AlertDetailsViewController.swift */,
				5DE4D0912287C359005260C2 /* AlertDiaryViewController.swift */,
				5DE4D0932287E5A5005260C2 /* TutorialViewController.swift */,
				5DE4D095228806FF005260C2 /* actViewController.swift */,
				5DE4D097228808E7005260C2 /* aboutViewController.swift */,
			);
			path = asthma_amigo;
			sourceTree = "<group>";
		};
		5D15339D2253AC1000F44C28 /* asthma_amigoTests */ = {
			isa = PBXGroup;
			children = (
				5D15339E2253AC1000F44C28 /* asthma_amigoTests.swift */,
				5D1533A02253AC1000F44C28 /* Info.plist */,
			);
			path = asthma_amigoTests;
			sourceTree = "<group>";
		};
		5D1533A82253AC1000F44C28 /* asthma_amigoUITests */ = {
			isa = PBXGroup;
			children = (
				5D1533A92253AC1000F44C28 /* asthma_amigoUITests.swift */,
				5D1533AB2253AC1000F44C28 /* Info.plist */,
			);
			path = asthma_amigoUITests;
			sourceTree = "<group>";
		};
		9064B3C764F8F6F3731D02F8 /* Pods */ = {
			isa = PBXGroup;
			children = (
				8C2DBB4A7B0A50A516FF17C2 /* Pods-asthma_amigo.debug.xcconfig */,
				4EA68F2AE029414368BD8BD4 /* Pods-asthma_amigo.release.xcconfig */,
				811C637A51BEEC8F0673217B /* Pods-asthma_amigoTests.debug.xcconfig */,
				873475764F6F946FE77C6CCE /* Pods-asthma_amigoTests.release.xcconfig */,
				7F4E0A80DE3E2242C68BB52A /* Pods-asthma_amigoUITests.debug.xcconfig */,
				CAE50091C0855CB207C4EB06 /* Pods-asthma_amigoUITests.release.xcconfig */,
			);
			name = Pods;
			sourceTree = "<group>";
		};
		DB1CA10A2545D879A78F230C /* Frameworks */ = {
			isa = PBXGroup;
			children = (
				525362DF89292E92D8DA21CC /* Pods_asthma_amigo.framework */,
				770360BB914C5F06B158E5A3 /* Pods_asthma_amigoTests.framework */,
				84346983AA2F2DB6697D8459 /* Pods_asthma_amigoUITests.framework */,
			);
			name = Frameworks;
			sourceTree = "<group>";
		};
/* End PBXGroup section */

/* Begin PBXNativeTarget section */
		5D1533822253AC0E00F44C28 /* asthma_amigo */ = {
			isa = PBXNativeTarget;
			buildConfigurationList = 5D1533AE2253AC1000F44C28 /* Build configuration list for PBXNativeTarget "asthma_amigo" */;
			buildPhases = (
				7C32065740A52E8CA3F2D746 /* [CP] Check Pods Manifest.lock */,
				5D15337F2253AC0E00F44C28 /* Sources */,
				5D1533802253AC0E00F44C28 /* Frameworks */,
				5D1533812253AC0E00F44C28 /* Resources */,
				3D2A12E10C1BC44BD15896F4 /* [CP] Embed Pods Frameworks */,
				6DF3BA40C9625FDEB92817C8 /* [CP] Copy Pods Resources */,
			);
			buildRules = (
			);
			dependencies = (
			);
			name = asthma_amigo;
			productName = asthma_amigo;
			productReference = 5D1533832253AC0E00F44C28 /* asthma_amigo.app */;
			productType = "com.apple.product-type.application";
		};
		5D1533992253AC1000F44C28 /* asthma_amigoTests */ = {
			isa = PBXNativeTarget;
			buildConfigurationList = 5D1533B12253AC1000F44C28 /* Build configuration list for PBXNativeTarget "asthma_amigoTests" */;
			buildPhases = (
				90FE2869307EBE14CAAD02E1 /* [CP] Check Pods Manifest.lock */,
				5D1533962253AC1000F44C28 /* Sources */,
				5D1533972253AC1000F44C28 /* Frameworks */,
				5D1533982253AC1000F44C28 /* Resources */,
			);
			buildRules = (
			);
			dependencies = (
				5D15339C2253AC1000F44C28 /* PBXTargetDependency */,
			);
			name = asthma_amigoTests;
			productName = asthma_amigoTests;
			productReference = 5D15339A2253AC1000F44C28 /* asthma_amigoTests.xctest */;
			productType = "com.apple.product-type.bundle.unit-test";
		};
		5D1533A42253AC1000F44C28 /* asthma_amigoUITests */ = {
			isa = PBXNativeTarget;
			buildConfigurationList = 5D1533B42253AC1000F44C28 /* Build configuration list for PBXNativeTarget "asthma_amigoUITests" */;
			buildPhases = (
				B3E21FCA46E50A96EAAB5329 /* [CP] Check Pods Manifest.lock */,
				5D1533A12253AC1000F44C28 /* Sources */,
				5D1533A22253AC1000F44C28 /* Frameworks */,
				5D1533A32253AC1000F44C28 /* Resources */,
			);
			buildRules = (
			);
			dependencies = (
				5D1533A72253AC1000F44C28 /* PBXTargetDependency */,
			);
			name = asthma_amigoUITests;
			productName = asthma_amigoUITests;
			productReference = 5D1533A52253AC1000F44C28 /* asthma_amigoUITests.xctest */;
			productType = "com.apple.product-type.bundle.ui-testing";
		};
/* End PBXNativeTarget section */

/* Begin PBXProject section */
		5D15337B2253AC0E00F44C28 /* Project object */ = {
			isa = PBXProject;
			attributes = {
				LastSwiftUpdateCheck = 0940;
				LastUpgradeCheck = 0940;
				ORGANIZATIONNAME = "Apurba Nath";
				TargetAttributes = {
					5D1533822253AC0E00F44C28 = {
						CreatedOnToolsVersion = 9.4.1;
					};
					5D1533992253AC1000F44C28 = {
						CreatedOnToolsVersion = 9.4.1;
						TestTargetID = 5D1533822253AC0E00F44C28;
					};
					5D1533A42253AC1000F44C28 = {
						CreatedOnToolsVersion = 9.4.1;
						TestTargetID = 5D1533822253AC0E00F44C28;
					};
				};
			};
			buildConfigurationList = 5D15337E2253AC0E00F44C28 /* Build configuration list for PBXProject "asthma_amigo" */;
			compatibilityVersion = "Xcode 9.3";
			developmentRegion = en;
			hasScannedForEncodings = 0;
			knownRegions = (
				en,
				Base,
			);
			mainGroup = 5D15337A2253AC0E00F44C28;
			productRefGroup = 5D1533842253AC0E00F44C28 /* Products */;
			projectDirPath = "";
			projectRoot = "";
			targets = (
				5D1533822253AC0E00F44C28 /* asthma_amigo */,
				5D1533992253AC1000F44C28 /* asthma_amigoTests */,
				5D1533A42253AC1000F44C28 /* asthma_amigoUITests */,
			);
		};
/* End PBXProject section */

/* Begin PBXResourcesBuildPhase section */
		5D1533812253AC0E00F44C28 /* Resources */ = {
			isa = PBXResourcesBuildPhase;
			buildActionMask = 2147483647;
			files = (
				5D1533942253AC1000F44C28 /* LaunchScreen.storyboard in Resources */,
				5D1533912253AC1000F44C28 /* Assets.xcassets in Resources */,
				5D15338C2253AC0E00F44C28 /* Main.storyboard in Resources */,
				5D1533BE2253EDA600F44C28 /* contacts.plist in Resources */,
			);
			runOnlyForDeploymentPostprocessing = 0;
		};
		5D1533982253AC1000F44C28 /* Resources */ = {
			isa = PBXResourcesBuildPhase;
			buildActionMask = 2147483647;
			files = (
			);
			runOnlyForDeploymentPostprocessing = 0;
		};
		5D1533A32253AC1000F44C28 /* Resources */ = {
			isa = PBXResourcesBuildPhase;
			buildActionMask = 2147483647;
			files = (
			);
			runOnlyForDeploymentPostprocessing = 0;
		};
/* End PBXResourcesBuildPhase section */

/* Begin PBXShellScriptBuildPhase section */
		3D2A12E10C1BC44BD15896F4 /* [CP] Embed Pods Frameworks */ = {
			isa = PBXShellScriptBuildPhase;
			buildActionMask = 2147483647;
			files = (
			);
			inputPaths = (
				"${SRCROOT}/Pods/Target Support Files/Pods-asthma_amigo/Pods-asthma_amigo-frameworks.sh",
				"${BUILT_PRODUCTS_DIR}/Alamofire/Alamofire.framework",
				"${BUILT_PRODUCTS_DIR}/IQKeyboardManagerSwift/IQKeyboardManagerSwift.framework",
				"${BUILT_PRODUCTS_DIR}/SwiftyJSON/SwiftyJSON.framework",
			);
			name = "[CP] Embed Pods Frameworks";
			outputPaths = (
				"${TARGET_BUILD_DIR}/${FRAMEWORKS_FOLDER_PATH}/Alamofire.framework",
				"${TARGET_BUILD_DIR}/${FRAMEWORKS_FOLDER_PATH}/IQKeyboardManagerSwift.framework",
				"${TARGET_BUILD_DIR}/${FRAMEWORKS_FOLDER_PATH}/SwiftyJSON.framework",
			);
			runOnlyForDeploymentPostprocessing = 0;
			shellPath = /bin/sh;
			shellScript = "\"${SRCROOT}/Pods/Target Support Files/Pods-asthma_amigo/Pods-asthma_amigo-frameworks.sh\"\n";
			showEnvVarsInLog = 0;
		};
		6DF3BA40C9625FDEB92817C8 /* [CP] Copy Pods Resources */ = {
			isa = PBXShellScriptBuildPhase;
			buildActionMask = 2147483647;
			files = (
			);
			inputPaths = (
				"${SRCROOT}/Pods/Target Support Files/Pods-asthma_amigo/Pods-asthma_amigo-resources.sh",
				"${PODS_ROOT}/GooglePlaces/Frameworks/GooglePlaces.framework/Resources/GooglePlaces.bundle",
			);
			name = "[CP] Copy Pods Resources";
			outputPaths = (
				"${TARGET_BUILD_DIR}/${UNLOCALIZED_RESOURCES_FOLDER_PATH}/GooglePlaces.bundle",
			);
			runOnlyForDeploymentPostprocessing = 0;
			shellPath = /bin/sh;
			shellScript = "\"${SRCROOT}/Pods/Target Support Files/Pods-asthma_amigo/Pods-asthma_amigo-resources.sh\"\n";
			showEnvVarsInLog = 0;
		};
		7C32065740A52E8CA3F2D746 /* [CP] Check Pods Manifest.lock */ = {
			isa = PBXShellScriptBuildPhase;
			buildActionMask = 2147483647;
			files = (
			);
			inputPaths = (
				"${PODS_PODFILE_DIR_PATH}/Podfile.lock",
				"${PODS_ROOT}/Manifest.lock",
			);
			name = "[CP] Check Pods Manifest.lock";
			outputPaths = (
				"$(DERIVED_FILE_DIR)/Pods-asthma_amigo-checkManifestLockResult.txt",
			);
			runOnlyForDeploymentPostprocessing = 0;
			shellPath = /bin/sh;
			shellScript = "diff \"${PODS_PODFILE_DIR_PATH}/Podfile.lock\" \"${PODS_ROOT}/Manifest.lock\" > /dev/null\nif [ $? != 0 ] ; then\n    # print error to STDERR\n    echo \"error: The sandbox is not in sync with the Podfile.lock. Run 'pod install' or update your CocoaPods installation.\" >&2\n    exit 1\nfi\n# This output is used by Xcode 'outputs' to avoid re-running this script phase.\necho \"SUCCESS\" > \"${SCRIPT_OUTPUT_FILE_0}\"\n";
			showEnvVarsInLog = 0;
		};
		90FE2869307EBE14CAAD02E1 /* [CP] Check Pods Manifest.lock */ = {
			isa = PBXShellScriptBuildPhase;
			buildActionMask = 2147483647;
			files = (
			);
			inputPaths = (
				"${PODS_PODFILE_DIR_PATH}/Podfile.lock",
				"${PODS_ROOT}/Manifest.lock",
			);
			name = "[CP] Check Pods Manifest.lock";
			outputPaths = (
				"$(DERIVED_FILE_DIR)/Pods-asthma_amigoTests-checkManifestLockResult.txt",
			);
			runOnlyForDeploymentPostprocessing = 0;
			shellPath = /bin/sh;
			shellScript = "diff \"${PODS_PODFILE_DIR_PATH}/Podfile.lock\" \"${PODS_ROOT}/Manifest.lock\" > /dev/null\nif [ $? != 0 ] ; then\n    # print error to STDERR\n    echo \"error: The sandbox is not in sync with the Podfile.lock. Run 'pod install' or update your CocoaPods installation.\" >&2\n    exit 1\nfi\n# This output is used by Xcode 'outputs' to avoid re-running this script phase.\necho \"SUCCESS\" > \"${SCRIPT_OUTPUT_FILE_0}\"\n";
			showEnvVarsInLog = 0;
		};
		B3E21FCA46E50A96EAAB5329 /* [CP] Check Pods Manifest.lock */ = {
			isa = PBXShellScriptBuildPhase;
			buildActionMask = 2147483647;
			files = (
			);
			inputPaths = (
				"${PODS_PODFILE_DIR_PATH}/Podfile.lock",
				"${PODS_ROOT}/Manifest.lock",
			);
			name = "[CP] Check Pods Manifest.lock";
			outputPaths = (
				"$(DERIVED_FILE_DIR)/Pods-asthma_amigoUITests-checkManifestLockResult.txt",
			);
			runOnlyForDeploymentPostprocessing = 0;
			shellPath = /bin/sh;
			shellScript = "diff \"${PODS_PODFILE_DIR_PATH}/Podfile.lock\" \"${PODS_ROOT}/Manifest.lock\" > /dev/null\nif [ $? != 0 ] ; then\n    # print error to STDERR\n    echo \"error: The sandbox is not in sync with the Podfile.lock. Run 'pod install' or update your CocoaPods installation.\" >&2\n    exit 1\nfi\n# This output is used by Xcode 'outputs' to avoid re-running this script phase.\necho \"SUCCESS\" > \"${SCRIPT_OUTPUT_FILE_0}\"\n";
			showEnvVarsInLog = 0;
		};
/* End PBXShellScriptBuildPhase section */

/* Begin PBXSourcesBuildPhase section */
		5D15337F2253AC0E00F44C28 /* Sources */ = {
			isa = PBXSourcesBuildPhase;
			buildActionMask = 2147483647;
			files = (
				5DB17E08225EA4FF00BF8D19 /* EditProfileViewController.swift in Sources */,
				5DE4D05C2275F66A005260C2 /* DiaryTableViewController.swift in Sources */,
				5D153413225836DE00F44C28 /* DocDetailViewController.swift in Sources */,
				5D352D2E2290E54800277E13 /* WeatherAlert+CoreDataProperties.swift in Sources */,
				5DE4D07A228649A7005260C2 /* NotificationSettingsViewController.swift in Sources */,
				5D1533C02254E25000F44C28 /* HomeViewController.swift in Sources */,
				5D77A3B4226FAD8F00757361 /* RemindersTableViewController.swift in Sources */,
				5D77A3B0226FAAF900757361 /* MedReminder+CoreDataProperties.swift in Sources */,
				5D1533D022553EB500F44C28 /* AddMedicineViewController.swift in Sources */,
				5DE4D0642276546F005260C2 /* DiaryPageViewController.swift in Sources */,
				5DE4D0942287E5A5005260C2 /* TutorialViewController.swift in Sources */,
				5D1534192258C6AA00F44C28 /* AddRelieverViewController.swift in Sources */,
				5D5913612274969100960431 /* Extensions.swift in Sources */,
				5D1533BC2253ED5600F44C28 /* PListHelper.swift in Sources */,
				5D1533CC225516FE00F44C28 /* MedicineTableViewController.swift in Sources */,
				5D77A3A2226DA52400757361 /* RemindersViewController.swift in Sources */,
				5D352D2C2290E54800277E13 /* Diary+CoreDataProperties.swift in Sources */,
				5DE4D09022878F53005260C2 /* AlertDetailsViewController.swift in Sources */,
				5DE4D0782283A9EB005260C2 /* WeatherWarningTableViewController.swift in Sources */,
				5DB17E06225EA2DB00BF8D19 /* ChildEditViewController.swift in Sources */,
				5DD85AFD2267C45900F42029 /* DashBoardViewController.swift in Sources */,
				5D0B44232274829D00A78857 /* AddDiaryViewController.swift in Sources */,
				5D15341722586B2000F44C28 /* ActionPlanViewController.swift in Sources */,
				5D77A3B1226FAAF900757361 /* Medicine+CoreDataClass.swift in Sources */,
				5D15341B2258D8A300F44C28 /* AddInfoViewController.swift in Sources */,
				5D77A3AF226FAAF900757361 /* MedReminder+CoreDataClass.swift in Sources */,
				5DB17E04225EA27A00BF8D19 /* DocEditViewController.swift in Sources */,
				5D352D2B2290E54800277E13 /* Diary+CoreDataClass.swift in Sources */,
				5D153411225835A300F44C28 /* MyDetailViewController.swift in Sources */,
				5DB17E02225EA1F200BF8D19 /* MyEditViewController.swift in Sources */,
				5D15342122595EA200F44C28 /* EmergencyViewController.swift in Sources */,
				5DE4D06C227CB6FE005260C2 /* LocationSettingsViewController.swift in Sources */,
				5D352D2D2290E54800277E13 /* WeatherAlert+CoreDataClass.swift in Sources */,
				5D153415225837D500F44C28 /* ChildDetailViewController.swift in Sources */,
				5D1533C62254F0C400F44C28 /* ActionPlan+CoreDataProperties.swift in Sources */,
				5D15338F2253AC0E00F44C28 /* asthma_amigo.xcdatamodeld in Sources */,
				5DE4D07222820149005260C2 /* AlertTableViewCell.swift in Sources */,
				5DE4D06E2281FDA3005260C2 /* Prediction.swift in Sources */,
				5DE4D09622880700005260C2 /* actViewController.swift in Sources */,
				5D1533C52254F0C400F44C28 /* ActionPlan+CoreDataClass.swift in Sources */,
				5DE4D098228808E7005260C2 /* aboutViewController.swift in Sources */,
				5D1533D22257632F00F44C28 /* LaunchPageViewController.swift in Sources */,
				5D0B4421227481C800A78857 /* DiaryViewController.swift in Sources */,
				5D59135B2274938A00960431 /* Location.swift in Sources */,
				5D1533CA2254FDD800F44C28 /* MedicineViewController.swift in Sources */,
				5DE4D05E2275F697005260C2 /* DiaryTableViewCell.swift in Sources */,
				5D15341F225946AB00F44C28 /* MainTabBarController.swift in Sources */,
				5D77A3B6226FBC0300757361 /* SetReminderViewController.swift in Sources */,
				5D1533872253AC0E00F44C28 /* AppDelegate.swift in Sources */,
				5D1533CE2255171E00F44C28 /* MedicineCell.swift in Sources */,
				5DE4D06A227A5599005260C2 /* OnBoardOneViewController.swift in Sources */,
				5D15341D2259190500F44C28 /* MedStockTableViewController.swift in Sources */,
				5DE4D0922287C359005260C2 /* AlertDiaryViewController.swift in Sources */,
				5D59135D2274950900960431 /* Extras.swift in Sources */,
				5D77A3B2226FAAF900757361 /* Medicine+CoreDataProperties.swift in Sources */,
				5D59135F2274953500960431 /* CurrentWeather.swift in Sources */,
			);
			runOnlyForDeploymentPostprocessing = 0;
		};
		5D1533962253AC1000F44C28 /* Sources */ = {
			isa = PBXSourcesBuildPhase;
			buildActionMask = 2147483647;
			files = (
				5D15339F2253AC1000F44C28 /* asthma_amigoTests.swift in Sources */,
			);
			runOnlyForDeploymentPostprocessing = 0;
		};
		5D1533A12253AC1000F44C28 /* Sources */ = {
			isa = PBXSourcesBuildPhase;
			buildActionMask = 2147483647;
			files = (
				5D1533AA2253AC1000F44C28 /* asthma_amigoUITests.swift in Sources */,
			);
			runOnlyForDeploymentPostprocessing = 0;
		};
/* End PBXSourcesBuildPhase section */

/* Begin PBXTargetDependency section */
		5D15339C2253AC1000F44C28 /* PBXTargetDependency */ = {
			isa = PBXTargetDependency;
			target = 5D1533822253AC0E00F44C28 /* asthma_amigo */;
			targetProxy = 5D15339B2253AC1000F44C28 /* PBXContainerItemProxy */;
		};
		5D1533A72253AC1000F44C28 /* PBXTargetDependency */ = {
			isa = PBXTargetDependency;
			target = 5D1533822253AC0E00F44C28 /* asthma_amigo */;
			targetProxy = 5D1533A62253AC1000F44C28 /* PBXContainerItemProxy */;
		};
/* End PBXTargetDependency section */

/* Begin PBXVariantGroup section */
		5D15338A2253AC0E00F44C28 /* Main.storyboard */ = {
			isa = PBXVariantGroup;
			children = (
				5D15338B2253AC0E00F44C28 /* Base */,
			);
			name = Main.storyboard;
			sourceTree = "<group>";
		};
		5D1533922253AC1000F44C28 /* LaunchScreen.storyboard */ = {
			isa = PBXVariantGroup;
			children = (
				5D1533932253AC1000F44C28 /* Base */,
			);
			name = LaunchScreen.storyboard;
			sourceTree = "<group>";
		};
/* End PBXVariantGroup section */

/* Begin XCBuildConfiguration section */
		5D1533AC2253AC1000F44C28 /* Debug */ = {
			isa = XCBuildConfiguration;
			buildSettings = {
				ALWAYS_SEARCH_USER_PATHS = NO;
				CLANG_ANALYZER_NONNULL = YES;
				CLANG_ANALYZER_NUMBER_OBJECT_CONVERSION = YES_AGGRESSIVE;
				CLANG_CXX_LANGUAGE_STANDARD = "gnu++14";
				CLANG_CXX_LIBRARY = "libc++";
				CLANG_ENABLE_MODULES = YES;
				CLANG_ENABLE_OBJC_ARC = YES;
				CLANG_ENABLE_OBJC_WEAK = YES;
				CLANG_WARN_BLOCK_CAPTURE_AUTORELEASING = YES;
				CLANG_WARN_BOOL_CONVERSION = YES;
				CLANG_WARN_COMMA = YES;
				CLANG_WARN_CONSTANT_CONVERSION = YES;
				CLANG_WARN_DEPRECATED_OBJC_IMPLEMENTATIONS = YES;
				CLANG_WARN_DIRECT_OBJC_ISA_USAGE = YES_ERROR;
				CLANG_WARN_DOCUMENTATION_COMMENTS = YES;
				CLANG_WARN_EMPTY_BODY = YES;
				CLANG_WARN_ENUM_CONVERSION = YES;
				CLANG_WARN_INFINITE_RECURSION = YES;
				CLANG_WARN_INT_CONVERSION = YES;
				CLANG_WARN_NON_LITERAL_NULL_CONVERSION = YES;
				CLANG_WARN_OBJC_IMPLICIT_RETAIN_SELF = YES;
				CLANG_WARN_OBJC_LITERAL_CONVERSION = YES;
				CLANG_WARN_OBJC_ROOT_CLASS = YES_ERROR;
				CLANG_WARN_RANGE_LOOP_ANALYSIS = YES;
				CLANG_WARN_STRICT_PROTOTYPES = YES;
				CLANG_WARN_SUSPICIOUS_MOVE = YES;
				CLANG_WARN_UNGUARDED_AVAILABILITY = YES_AGGRESSIVE;
				CLANG_WARN_UNREACHABLE_CODE = YES;
				CLANG_WARN__DUPLICATE_METHOD_MATCH = YES;
				CODE_SIGN_IDENTITY = "iPhone Developer";
				COPY_PHASE_STRIP = NO;
				DEBUG_INFORMATION_FORMAT = dwarf;
				ENABLE_STRICT_OBJC_MSGSEND = YES;
				ENABLE_TESTABILITY = YES;
				GCC_C_LANGUAGE_STANDARD = gnu11;
				GCC_DYNAMIC_NO_PIC = NO;
				GCC_NO_COMMON_BLOCKS = YES;
				GCC_OPTIMIZATION_LEVEL = 0;
				GCC_PREPROCESSOR_DEFINITIONS = (
					"DEBUG=1",
					"$(inherited)",
				);
				GCC_WARN_64_TO_32_BIT_CONVERSION = YES;
				GCC_WARN_ABOUT_RETURN_TYPE = YES_ERROR;
				GCC_WARN_UNDECLARED_SELECTOR = YES;
				GCC_WARN_UNINITIALIZED_AUTOS = YES_AGGRESSIVE;
				GCC_WARN_UNUSED_FUNCTION = YES;
				GCC_WARN_UNUSED_VARIABLE = YES;
				IPHONEOS_DEPLOYMENT_TARGET = 11.4;
				MTL_ENABLE_DEBUG_INFO = YES;
				ONLY_ACTIVE_ARCH = YES;
				SDKROOT = iphoneos;
				SWIFT_ACTIVE_COMPILATION_CONDITIONS = DEBUG;
				SWIFT_OPTIMIZATION_LEVEL = "-Onone";
			};
			name = Debug;
		};
		5D1533AD2253AC1000F44C28 /* Release */ = {
			isa = XCBuildConfiguration;
			buildSettings = {
				ALWAYS_SEARCH_USER_PATHS = NO;
				CLANG_ANALYZER_NONNULL = YES;
				CLANG_ANALYZER_NUMBER_OBJECT_CONVERSION = YES_AGGRESSIVE;
				CLANG_CXX_LANGUAGE_STANDARD = "gnu++14";
				CLANG_CXX_LIBRARY = "libc++";
				CLANG_ENABLE_MODULES = YES;
				CLANG_ENABLE_OBJC_ARC = YES;
				CLANG_ENABLE_OBJC_WEAK = YES;
				CLANG_WARN_BLOCK_CAPTURE_AUTORELEASING = YES;
				CLANG_WARN_BOOL_CONVERSION = YES;
				CLANG_WARN_COMMA = YES;
				CLANG_WARN_CONSTANT_CONVERSION = YES;
				CLANG_WARN_DEPRECATED_OBJC_IMPLEMENTATIONS = YES;
				CLANG_WARN_DIRECT_OBJC_ISA_USAGE = YES_ERROR;
				CLANG_WARN_DOCUMENTATION_COMMENTS = YES;
				CLANG_WARN_EMPTY_BODY = YES;
				CLANG_WARN_ENUM_CONVERSION = YES;
				CLANG_WARN_INFINITE_RECURSION = YES;
				CLANG_WARN_INT_CONVERSION = YES;
				CLANG_WARN_NON_LITERAL_NULL_CONVERSION = YES;
				CLANG_WARN_OBJC_IMPLICIT_RETAIN_SELF = YES;
				CLANG_WARN_OBJC_LITERAL_CONVERSION = YES;
				CLANG_WARN_OBJC_ROOT_CLASS = YES_ERROR;
				CLANG_WARN_RANGE_LOOP_ANALYSIS = YES;
				CLANG_WARN_STRICT_PROTOTYPES = YES;
				CLANG_WARN_SUSPICIOUS_MOVE = YES;
				CLANG_WARN_UNGUARDED_AVAILABILITY = YES_AGGRESSIVE;
				CLANG_WARN_UNREACHABLE_CODE = YES;
				CLANG_WARN__DUPLICATE_METHOD_MATCH = YES;
				CODE_SIGN_IDENTITY = "iPhone Developer";
				COPY_PHASE_STRIP = NO;
				DEBUG_INFORMATION_FORMAT = "dwarf-with-dsym";
				ENABLE_NS_ASSERTIONS = NO;
				ENABLE_STRICT_OBJC_MSGSEND = YES;
				GCC_C_LANGUAGE_STANDARD = gnu11;
				GCC_NO_COMMON_BLOCKS = YES;
				GCC_WARN_64_TO_32_BIT_CONVERSION = YES;
				GCC_WARN_ABOUT_RETURN_TYPE = YES_ERROR;
				GCC_WARN_UNDECLARED_SELECTOR = YES;
				GCC_WARN_UNINITIALIZED_AUTOS = YES_AGGRESSIVE;
				GCC_WARN_UNUSED_FUNCTION = YES;
				GCC_WARN_UNUSED_VARIABLE = YES;
				IPHONEOS_DEPLOYMENT_TARGET = 11.4;
				MTL_ENABLE_DEBUG_INFO = NO;
				SDKROOT = iphoneos;
				SWIFT_COMPILATION_MODE = wholemodule;
				SWIFT_OPTIMIZATION_LEVEL = "-O";
				VALIDATE_PRODUCT = YES;
			};
			name = Release;
		};
		5D1533AF2253AC1000F44C28 /* Debug */ = {
			isa = XCBuildConfiguration;
			baseConfigurationReference = 8C2DBB4A7B0A50A516FF17C2 /* Pods-asthma_amigo.debug.xcconfig */;
			buildSettings = {
				ASSETCATALOG_COMPILER_APPICON_NAME = AppIcon;
				CODE_SIGN_STYLE = Automatic;
				DEVELOPMENT_TEAM = SY2NAPDH7P;
				INFOPLIST_FILE = asthma_amigo/Info.plist;
				LD_RUNPATH_SEARCH_PATHS = (
					"$(inherited)",
					"@executable_path/Frameworks",
				);
				PRODUCT_BUNDLE_IDENTIFIER = "NP.asthma-amigo";
				PRODUCT_NAME = "$(TARGET_NAME)";
				SWIFT_VERSION = 4.0;
				TARGETED_DEVICE_FAMILY = "1,2";
			};
			name = Debug;
		};
		5D1533B02253AC1000F44C28 /* Release */ = {
			isa = XCBuildConfiguration;
			baseConfigurationReference = 4EA68F2AE029414368BD8BD4 /* Pods-asthma_amigo.release.xcconfig */;
			buildSettings = {
				ASSETCATALOG_COMPILER_APPICON_NAME = AppIcon;
				CODE_SIGN_STYLE = Automatic;
				DEVELOPMENT_TEAM = SY2NAPDH7P;
				INFOPLIST_FILE = asthma_amigo/Info.plist;
				LD_RUNPATH_SEARCH_PATHS = (
					"$(inherited)",
					"@executable_path/Frameworks",
				);
				PRODUCT_BUNDLE_IDENTIFIER = "NP.asthma-amigo";
				PRODUCT_NAME = "$(TARGET_NAME)";
				SWIFT_VERSION = 4.0;
				TARGETED_DEVICE_FAMILY = "1,2";
			};
			name = Release;
		};
		5D1533B22253AC1000F44C28 /* Debug */ = {
			isa = XCBuildConfiguration;
			baseConfigurationReference = 811C637A51BEEC8F0673217B /* Pods-asthma_amigoTests.debug.xcconfig */;
			buildSettings = {
				ALWAYS_EMBED_SWIFT_STANDARD_LIBRARIES = YES;
				BUNDLE_LOADER = "$(TEST_HOST)";
				CODE_SIGN_STYLE = Automatic;
				INFOPLIST_FILE = asthma_amigoTests/Info.plist;
				LD_RUNPATH_SEARCH_PATHS = (
					"$(inherited)",
					"@executable_path/Frameworks",
					"@loader_path/Frameworks",
				);
				PRODUCT_BUNDLE_IDENTIFIER = "Monash.asthma-amigoTests";
				PRODUCT_NAME = "$(TARGET_NAME)";
				SWIFT_VERSION = 4.0;
				TARGETED_DEVICE_FAMILY = "1,2";
				TEST_HOST = "$(BUILT_PRODUCTS_DIR)/asthma_amigo.app/asthma_amigo";
			};
			name = Debug;
		};
		5D1533B32253AC1000F44C28 /* Release */ = {
			isa = XCBuildConfiguration;
			baseConfigurationReference = 873475764F6F946FE77C6CCE /* Pods-asthma_amigoTests.release.xcconfig */;
			buildSettings = {
				ALWAYS_EMBED_SWIFT_STANDARD_LIBRARIES = YES;
				BUNDLE_LOADER = "$(TEST_HOST)";
				CODE_SIGN_STYLE = Automatic;
				INFOPLIST_FILE = asthma_amigoTests/Info.plist;
				LD_RUNPATH_SEARCH_PATHS = (
					"$(inherited)",
					"@executable_path/Frameworks",
					"@loader_path/Frameworks",
				);
				PRODUCT_BUNDLE_IDENTIFIER = "Monash.asthma-amigoTests";
				PRODUCT_NAME = "$(TARGET_NAME)";
				SWIFT_VERSION = 4.0;
				TARGETED_DEVICE_FAMILY = "1,2";
				TEST_HOST = "$(BUILT_PRODUCTS_DIR)/asthma_amigo.app/asthma_amigo";
			};
			name = Release;
		};
		5D1533B52253AC1000F44C28 /* Debug */ = {
			isa = XCBuildConfiguration;
			baseConfigurationReference = 7F4E0A80DE3E2242C68BB52A /* Pods-asthma_amigoUITests.debug.xcconfig */;
			buildSettings = {
				ALWAYS_EMBED_SWIFT_STANDARD_LIBRARIES = YES;
				CODE_SIGN_STYLE = Automatic;
				INFOPLIST_FILE = asthma_amigoUITests/Info.plist;
				LD_RUNPATH_SEARCH_PATHS = (
					"$(inherited)",
					"@executable_path/Frameworks",
					"@loader_path/Frameworks",
				);
				PRODUCT_BUNDLE_IDENTIFIER = "Monash.asthma-amigoUITests";
				PRODUCT_NAME = "$(TARGET_NAME)";
				SWIFT_VERSION = 4.0;
				TARGETED_DEVICE_FAMILY = "1,2";
				TEST_TARGET_NAME = asthma_amigo;
			};
			name = Debug;
		};
		5D1533B62253AC1000F44C28 /* Release */ = {
			isa = XCBuildConfiguration;
			baseConfigurationReference = CAE50091C0855CB207C4EB06 /* Pods-asthma_amigoUITests.release.xcconfig */;
			buildSettings = {
				ALWAYS_EMBED_SWIFT_STANDARD_LIBRARIES = YES;
				CODE_SIGN_STYLE = Automatic;
				INFOPLIST_FILE = asthma_amigoUITests/Info.plist;
				LD_RUNPATH_SEARCH_PATHS = (
					"$(inherited)",
					"@executable_path/Frameworks",
					"@loader_path/Frameworks",
				);
				PRODUCT_BUNDLE_IDENTIFIER = "Monash.asthma-amigoUITests";
				PRODUCT_NAME = "$(TARGET_NAME)";
				SWIFT_VERSION = 4.0;
				TARGETED_DEVICE_FAMILY = "1,2";
				TEST_TARGET_NAME = asthma_amigo;
			};
			name = Release;
		};
/* End XCBuildConfiguration section */

/* Begin XCConfigurationList section */
		5D15337E2253AC0E00F44C28 /* Build configuration list for PBXProject "asthma_amigo" */ = {
			isa = XCConfigurationList;
			buildConfigurations = (
				5D1533AC2253AC1000F44C28 /* Debug */,
				5D1533AD2253AC1000F44C28 /* Release */,
			);
			defaultConfigurationIsVisible = 0;
			defaultConfigurationName = Release;
		};
		5D1533AE2253AC1000F44C28 /* Build configuration list for PBXNativeTarget "asthma_amigo" */ = {
			isa = XCConfigurationList;
			buildConfigurations = (
				5D1533AF2253AC1000F44C28 /* Debug */,
				5D1533B02253AC1000F44C28 /* Release */,
			);
			defaultConfigurationIsVisible = 0;
			defaultConfigurationName = Release;
		};
		5D1533B12253AC1000F44C28 /* Build configuration list for PBXNativeTarget "asthma_amigoTests" */ = {
			isa = XCConfigurationList;
			buildConfigurations = (
				5D1533B22253AC1000F44C28 /* Debug */,
				5D1533B32253AC1000F44C28 /* Release */,
			);
			defaultConfigurationIsVisible = 0;
			defaultConfigurationName = Release;
		};
		5D1533B42253AC1000F44C28 /* Build configuration list for PBXNativeTarget "asthma_amigoUITests" */ = {
			isa = XCConfigurationList;
			buildConfigurations = (
				5D1533B52253AC1000F44C28 /* Debug */,
				5D1533B62253AC1000F44C28 /* Release */,
			);
			defaultConfigurationIsVisible = 0;
			defaultConfigurationName = Release;
		};
/* End XCConfigurationList section */

/* Begin XCVersionGroup section */
		5D15338D2253AC0E00F44C28 /* asthma_amigo.xcdatamodeld */ = {
			isa = XCVersionGroup;
			children = (
				5D15338E2253AC0E00F44C28 /* asthma_amigo.xcdatamodel */,
			);
			currentVersion = 5D15338E2253AC0E00F44C28 /* asthma_amigo.xcdatamodel */;
			path = asthma_amigo.xcdatamodeld;
			sourceTree = "<group>";
			versionGroupType = wrapper.xcdatamodel;
		};
/* End XCVersionGroup section */
	};
	rootObject = 5D15337B2253AC0E00F44C28 /* Project object */;
}
